
Microsoft Visual Studio Solution File, Format Version 12.00
# Visual Studio Version 17
VisualStudioVersion = 17.0.31903.59
MinimumVisualStudioVersion = 10.0.40219.1
Project("{FAE04EC0-301F-11D3-BF4B-00C04F79EFBC}") = "API", "API\API.csproj", "{B4310B4B-60BF-4034-A5B4-315ED29C20C1}"
EndProject
Project("{FAE04EC0-301F-11D3-BF4B-00C04F79EFBC}") = "Application", "Application\Application.csproj", "{AD92250B-F4BC-4DA0-8AF8-4F60FDEB0351}"
EndProject
Project("{FAE04EC0-301F-11D3-BF4B-00C04F79EFBC}") = "Domain", "Domain\Domain.csproj", "{70EAA7FF-752F-4266-A536-797338C3524C}"
EndProject
Project("{FAE04EC0-301F-11D3-BF4B-00C04F79EFBC}") = "Persistence", "Persistence\Persistence.csproj", "{FE172EC7-ADD6-41C2-BC45-BA0D8757486A}"
EndProject
Global
	GlobalSection(SolutionConfigurationPlatforms) = preSolution
		Debug|Any CPU = Debug|Any CPU
		Release|Any CPU = Release|Any CPU
	EndGlobalSection
	GlobalSection(SolutionProperties) = preSolution
		HideSolutionNode = FALSE
	EndGlobalSection
	GlobalSection(ProjectConfigurationPlatforms) = postSolution
		{B4310B4B-60BF-4034-A5B4-315ED29C20C1}.Debug|Any CPU.ActiveCfg = Debug|Any CPU
		{B4310B4B-60BF-4034-A5B4-315ED29C20C1}.Debug|Any CPU.Build.0 = Debug|Any CPU
		{B4310B4B-60BF-4034-A5B4-315ED29C20C1}.Release|Any CPU.ActiveCfg = Release|Any CPU
		{B4310B4B-60BF-4034-A5B4-315ED29C20C1}.Release|Any CPU.Build.0 = Release|Any CPU
		{AD92250B-F4BC-4DA0-8AF8-4F60FDEB0351}.Debug|Any CPU.ActiveCfg = Debug|Any CPU
		{AD92250B-F4BC-4DA0-8AF8-4F60FDEB0351}.Debug|Any CPU.Build.0 = Debug|Any CPU
		{AD92250B-F4BC-4DA0-8AF8-4F60FDEB0351}.Release|Any CPU.ActiveCfg = Release|Any CPU
		{AD92250B-F4BC-4DA0-8AF8-4F60FDEB0351}.Release|Any CPU.Build.0 = Release|Any CPU
		{70EAA7FF-752F-4266-A536-797338C3524C}.Debug|Any CPU.ActiveCfg = Debug|Any CPU
		{70EAA7FF-752F-4266-A536-797338C3524C}.Debug|Any CPU.Build.0 = Debug|Any CPU
		{70EAA7FF-752F-4266-A536-797338C3524C}.Release|Any CPU.ActiveCfg = Release|Any CPU
		{70EAA7FF-752F-4266-A536-797338C3524C}.Release|Any CPU.Build.0 = Release|Any CPU
		{FE172EC7-ADD6-41C2-BC45-BA0D8757486A}.Debug|Any CPU.ActiveCfg = Debug|Any CPU
		{FE172EC7-ADD6-41C2-BC45-BA0D8757486A}.Debug|Any CPU.Build.0 = Debug|Any CPU
		{FE172EC7-ADD6-41C2-BC45-BA0D8757486A}.Release|Any CPU.ActiveCfg = Release|Any CPU
		{FE172EC7-ADD6-41C2-BC45-BA0D8757486A}.Release|Any CPU.Build.0 = Release|Any CPU
	EndGlobalSection
EndGlobal
